{
  "name": "ngx-howler",
  "version": "8.0.0",
  "lockfileVersion": 1,
  "requires": true,
  "dependencies": {
    "@types/howler": {
      "version": "2.2.1",
      "resolved": "https://registry.npmjs.org/@types/howler/-/howler-2.2.1.tgz",
      "integrity": "sha512-1MiSldngr+eAO4lDPtjzl4Nf2GmRh8VDHIpNBIkyd25L22JExVlI6w3fjSM7+FNc1e1WZAPNq7/flkw685byfg==",
      "dev": true
    }
  }
}
